
Microsoft Visual Studio Solution File, Format Version 12.00
# Visual Studio Version 17
VisualStudioVersion = 17.11.35327.3
MinimumVisualStudioVersion = 10.0.40219.1
Project("{FAE04EC0-301F-11D3-BF4B-00C04F79EFBC}") = "Quiz", "Quiz.csproj", "{FC92F96E-4CDE-4FF5-8F3A-E44610229DAC}"
EndProject
Global
	GlobalSection(SolutionConfigurationPlatforms) = preSolution
		Debug|Any CPU = Debug|Any CPU
		Release|Any CPU = Release|Any CPU
	EndGlobalSection
	GlobalSection(ProjectConfigurationPlatforms) = postSolution
		{FC92F96E-4CDE-4FF5-8F3A-E44610229DAC}.Debug|Any CPU.ActiveCfg = Debug|Any CPU
		{FC92F96E-4CDE-4FF5-8F3A-E44610229DAC}.Debug|Any CPU.Build.0 = Debug|Any CPU
		{FC92F96E-4CDE-4FF5-8F3A-E44610229DAC}.Release|Any CPU.ActiveCfg = Release|Any CPU
		{FC92F96E-4CDE-4FF5-8F3A-E44610229DAC}.Release|Any CPU.Build.0 = Release|Any CPU
	EndGlobalSection
	GlobalSection(SolutionProperties) = preSolution
		HideSolutionNode = FALSE
	EndGlobalSection
	GlobalSection(ExtensibilityGlobals) = postSolution
		SolutionGuid = {FA3F9628-E1F3-44F6-AB1E-5798A5B26A49}
	EndGlobalSection
EndGlobal
